
Microsoft Visual Studio Solution File, Format Version 12.00
# Visual Studio Version 17
VisualStudioVersion = 17.6.33801.468
MinimumVisualStudioVersion = 10.0.40219.1
Project("{9A19103F-16F7-4668-BE54-9A1E7A4F7556}") = "Gestione", "Gestione.csproj", "{85989B17-0102-4467-B0F9-BB742C263A45}"
EndProject
Project("{2150E333-8FDC-42A3-9474-1A3956D46DE8}") = "Elementi di soluzione", "Elementi di soluzione", "{E5CEA5BE-6DE1-477C-8EC7-B2327D2B5CF7}"
	ProjectSection(SolutionItems) = preProject
		Data.cs = Data.cs
	EndProjectSection
EndProject
Global
	GlobalSection(SolutionConfigurationPlatforms) = preSolution
		Debug|Any CPU = Debug|Any CPU
		Release|Any CPU = Release|Any CPU
	EndGlobalSection
	GlobalSection(ProjectConfigurationPlatforms) = postSolution
		{85989B17-0102-4467-B0F9-BB742C263A45}.Debug|Any CPU.ActiveCfg = Debug|Any CPU
		{85989B17-0102-4467-B0F9-BB742C263A45}.Debug|Any CPU.Build.0 = Debug|Any CPU
		{85989B17-0102-4467-B0F9-BB742C263A45}.Release|Any CPU.ActiveCfg = Release|Any CPU
		{85989B17-0102-4467-B0F9-BB742C263A45}.Release|Any CPU.Build.0 = Release|Any CPU
	EndGlobalSection
	GlobalSection(SolutionProperties) = preSolution
		HideSolutionNode = FALSE
	EndGlobalSection
	GlobalSection(ExtensibilityGlobals) = postSolution
		SolutionGuid = {4E17CCE7-06F9-43B0-B878-41CB6F164A23}
	EndGlobalSection
EndGlobal
